
Microsoft Visual Studio Solution File, Format Version 12.00
# Visual Studio Version 17
VisualStudioVersion = 17.8.34316.72
MinimumVisualStudioVersion = 10.0.40219.1
Project("{FAE04EC0-301F-11D3-BF4B-00C04F79EFBC}") = "CRUDLectureExample", "CRUDLectureExample\CRUDLectureExample.csproj", "{8569C932-8DB4-45C7-9A0A-BF502D2FD75E}"
EndProject
Global
	GlobalSection(SolutionConfigurationPlatforms) = preSolution
		Debug|Any CPU = Debug|Any CPU
		Release|Any CPU = Release|Any CPU
	EndGlobalSection
	GlobalSection(ProjectConfigurationPlatforms) = postSolution
		{8569C932-8DB4-45C7-9A0A-BF502D2FD75E}.Debug|Any CPU.ActiveCfg = Debug|Any CPU
		{8569C932-8DB4-45C7-9A0A-BF502D2FD75E}.Debug|Any CPU.Build.0 = Debug|Any CPU
		{8569C932-8DB4-45C7-9A0A-BF502D2FD75E}.Release|Any CPU.ActiveCfg = Release|Any CPU
		{8569C932-8DB4-45C7-9A0A-BF502D2FD75E}.Release|Any CPU.Build.0 = Release|Any CPU
	EndGlobalSection
	GlobalSection(SolutionProperties) = preSolution
		HideSolutionNode = FALSE
	EndGlobalSection
	GlobalSection(ExtensibilityGlobals) = postSolution
		SolutionGuid = {07954627-1711-4314-8045-CD85BEFA9FC8}
	EndGlobalSection
EndGlobal
